
Microsoft Visual Studio Solution File, Format Version 12.00
# Visual Studio Version 17
VisualStudioVersion = 17.11.35327.3
MinimumVisualStudioVersion = 10.0.40219.1
Project("{FAE04EC0-301F-11D3-BF4B-00C04F79EFBC}") = "Presentation", "Presentation\Presentation.csproj", "{CFB0B9C2-3349-44A1-AFEA-0753B6D78F7A}"
EndProject
Project("{FAE04EC0-301F-11D3-BF4B-00C04F79EFBC}") = "Buisness", "Buisness\Buisness.csproj", "{7C43AE06-75C8-41D6-8D45-4B22FA0634DE}"
EndProject
Project("{FAE04EC0-301F-11D3-BF4B-00C04F79EFBC}") = "Business.Tests", "Business.Tests\Business.Tests.csproj", "{5F7A7ECF-82A3-4A58-8C8B-10564B0D099A}"
EndProject
Global
	GlobalSection(SolutionConfigurationPlatforms) = preSolution
		Debug|Any CPU = Debug|Any CPU
		Release|Any CPU = Release|Any CPU
	EndGlobalSection
	GlobalSection(ProjectConfigurationPlatforms) = postSolution
		{CFB0B9C2-3349-44A1-AFEA-0753B6D78F7A}.Debug|Any CPU.ActiveCfg = Debug|Any CPU
		{CFB0B9C2-3349-44A1-AFEA-0753B6D78F7A}.Debug|Any CPU.Build.0 = Debug|Any CPU
		{CFB0B9C2-3349-44A1-AFEA-0753B6D78F7A}.Release|Any CPU.ActiveCfg = Release|Any CPU
		{CFB0B9C2-3349-44A1-AFEA-0753B6D78F7A}.Release|Any CPU.Build.0 = Release|Any CPU
		{7C43AE06-75C8-41D6-8D45-4B22FA0634DE}.Debug|Any CPU.ActiveCfg = Debug|Any CPU
		{7C43AE06-75C8-41D6-8D45-4B22FA0634DE}.Debug|Any CPU.Build.0 = Debug|Any CPU
		{7C43AE06-75C8-41D6-8D45-4B22FA0634DE}.Release|Any CPU.ActiveCfg = Release|Any CPU
		{7C43AE06-75C8-41D6-8D45-4B22FA0634DE}.Release|Any CPU.Build.0 = Release|Any CPU
		{5F7A7ECF-82A3-4A58-8C8B-10564B0D099A}.Debug|Any CPU.ActiveCfg = Debug|Any CPU
		{5F7A7ECF-82A3-4A58-8C8B-10564B0D099A}.Debug|Any CPU.Build.0 = Debug|Any CPU
		{5F7A7ECF-82A3-4A58-8C8B-10564B0D099A}.Release|Any CPU.ActiveCfg = Release|Any CPU
		{5F7A7ECF-82A3-4A58-8C8B-10564B0D099A}.Release|Any CPU.Build.0 = Release|Any CPU
	EndGlobalSection
	GlobalSection(SolutionProperties) = preSolution
		HideSolutionNode = FALSE
	EndGlobalSection
	GlobalSection(ExtensibilityGlobals) = postSolution
		SolutionGuid = {869797A4-49EB-4A18-A306-241D30BB3693}
	EndGlobalSection
EndGlobal
